// !$*UTF8*$!
{
	archiveVersion = 1;
	classes = {
	};
	objectVersion = 46;
	objects = {

/* Begin PBXBuildFile section */
		2B6D52B71A281B7100DF85BF /* AppDelegate.swift in Sources */ = {isa = PBXBuildFile; fileRef = 2B6D52B61A281B7100DF85BF /* AppDelegate.swift */; };
		2B6D52B91A281B7100DF85BF /* ViewController.swift in Sources */ = {isa = PBXBuildFile; fileRef = 2B6D52B81A281B7100DF85BF /* ViewController.swift */; };
		2B6D52BC1A281B7100DF85BF /* Main.storyboard in Resources */ = {isa = PBXBuildFile; fileRef = 2B6D52BA1A281B7100DF85BF /* Main.storyboard */; };
		2B6D52BE1A281B7100DF85BF /* Images.xcassets in Resources */ = {isa = PBXBuildFile; fileRef = 2B6D52BD1A281B7100DF85BF /* Images.xcassets */; };
		2B6D52C11A281B7100DF85BF /* LaunchScreen.xib in Resources */ = {isa = PBXBuildFile; fileRef = 2B6D52BF1A281B7100DF85BF /* LaunchScreen.xib */; };
		2B6D52CD1A281B7100DF85BF /* star_rating_viewTests.swift in Sources */ = {isa = PBXBuildFile; fileRef = 2B6D52CC1A281B7100DF85BF /* star_rating_viewTests.swift */; };
		2B6D52D71A281B9700DF85BF /* Default-568h@2x.png in Resources */ = {isa = PBXBuildFile; fileRef = 2B6D52D61A281B9700DF85BF /* Default-568h@2x.png */; };
		2B6D52DA1A281BD500DF85BF /* TegStarRatingView.swift in Sources */ = {isa = PBXBuildFile; fileRef = 2B6D52D91A281BD500DF85BF /* TegStarRatingView.swift */; };
		2B6D52DC1A2827DA00DF85BF /* TegStarRating.swift in Sources */ = {isa = PBXBuildFile; fileRef = 2B6D52DB1A2827DA00DF85BF /* TegStarRating.swift */; };
		2B6D52DE1A282CB800DF85BF /* TegStarRatingType.swift in Sources */ = {isa = PBXBuildFile; fileRef = 2B6D52DD1A282CB800DF85BF /* TegStarRatingType.swift */; };
/* End PBXBuildFile section */

/* Begin PBXContainerItemProxy section */
		2B6D52C71A281B7100DF85BF /* PBXContainerItemProxy */ = {
			isa = PBXContainerItemProxy;
			containerPortal = 2B6D52A91A281B7100DF85BF /* Project object */;
			proxyType = 1;
			remoteGlobalIDString = 2B6D52B01A281B7100DF85BF;
			remoteInfo = "star-rating-view";
		};
/* End PBXContainerItemProxy section */

/* Begin PBXFileReference section */
		2B6D52B11A281B7100DF85BF /* star-rating-view.app */ = {isa = PBXFileReference; explicitFileType = wrapper.application; includeInIndex = 0; path = "star-rating-view.app"; sourceTree = BUILT_PRODUCTS_DIR; };
		2B6D52B51A281B7100DF85BF /* Info.plist */ = {isa = PBXFileReference; lastKnownFileType = text.plist.xml; path = Info.plist; sourceTree = "<group>"; };
		2B6D52B61A281B7100DF85BF /* AppDelegate.swift */ = {isa = PBXFileReference; lastKnownFileType = sourcecode.swift; path = AppDelegate.swift; sourceTree = "<group>"; };
		2B6D52B81A281B7100DF85BF /* ViewController.swift */ = {isa = PBXFileReference; lastKnownFileType = sourcecode.swift; path = ViewController.swift; sourceTree = "<group>"; };
		2B6D52BB1A281B7100DF85BF /* Base */ = {isa = PBXFileReference; lastKnownFileType = file.storyboard; name = Base; path = Base.lproj/Main.storyboard; sourceTree = "<group>"; };
		2B6D52BD1A281B7100DF85BF /* Images.xcassets */ = {isa = PBXFileReference; lastKnownFileType = folder.assetcatalog; path = Images.xcassets; sourceTree = "<group>"; };
		2B6D52C01A281B7100DF85BF /* Base */ = {isa = PBXFileReference; lastKnownFileType = file.xib; name = Base; path = Base.lproj/LaunchScreen.xib; sourceTree = "<group>"; };
		2B6D52C61A281B7100DF85BF /* star-rating-viewTests.xctest */ = {isa = PBXFileReference; explicitFileType = wrapper.cfbundle; includeInIndex = 0; path = "star-rating-viewTests.xctest"; sourceTree = BUILT_PRODUCTS_DIR; };
		2B6D52CB1A281B7100DF85BF /* Info.plist */ = {isa = PBXFileReference; lastKnownFileType = text.plist.xml; path = Info.plist; sourceTree = "<group>"; };
		2B6D52CC1A281B7100DF85BF /* star_rating_viewTests.swift */ = {isa = PBXFileReference; lastKnownFileType = sourcecode.swift; path = star_rating_viewTests.swift; sourceTree = "<group>"; };
		2B6D52D61A281B9700DF85BF /* Default-568h@2x.png */ = {isa = PBXFileReference; lastKnownFileType = image.png; path = "Default-568h@2x.png"; sourceTree = "<group>"; };
		2B6D52D91A281BD500DF85BF /* TegStarRatingView.swift */ = {isa = PBXFileReference; fileEncoding = 4; lastKnownFileType = sourcecode.swift; path = TegStarRatingView.swift; sourceTree = "<group>"; };
		2B6D52DB1A2827DA00DF85BF /* TegStarRating.swift */ = {isa = PBXFileReference; fileEncoding = 4; lastKnownFileType = sourcecode.swift; path = TegStarRating.swift; sourceTree = "<group>"; };
		2B6D52DD1A282CB800DF85BF /* TegStarRatingType.swift */ = {isa = PBXFileReference; fileEncoding = 4; lastKnownFileType = sourcecode.swift; path = TegStarRatingType.swift; sourceTree = "<group>"; };
/* End PBXFileReference section */

/* Begin PBXFrameworksBuildPhase section */
		2B6D52AE1A281B7100DF85BF /* Frameworks */ = {
			isa = PBXFrameworksBuildPhase;
			buildActionMask = 2147483647;
			files = (
			);
			runOnlyForDeploymentPostprocessing = 0;
		};
		2B6D52C31A281B7100DF85BF /* Frameworks */ = {
			isa = PBXFrameworksBuildPhase;
			buildActionMask = 2147483647;
			files = (
			);
			runOnlyForDeploymentPostprocessing = 0;
		};
/* End PBXFrameworksBuildPhase section */

/* Begin PBXGroup section */
		2B6D52A81A281B7100DF85BF = {
			isa = PBXGroup;
			children = (
				2B6D52D61A281B9700DF85BF /* Default-568h@2x.png */,
				2B6D52B31A281B7100DF85BF /* star-rating-view */,
				2B6D52C91A281B7100DF85BF /* star-rating-viewTests */,
				2B6D52B21A281B7100DF85BF /* Products */,
			);
			sourceTree = "<group>";
		};
		2B6D52B21A281B7100DF85BF /* Products */ = {
			isa = PBXGroup;
			children = (
				2B6D52B11A281B7100DF85BF /* star-rating-view.app */,
				2B6D52C61A281B7100DF85BF /* star-rating-viewTests.xctest */,
			);
			name = Products;
			sourceTree = "<group>";
		};
		2B6D52B31A281B7100DF85BF /* star-rating-view */ = {
			isa = PBXGroup;
			children = (
				2B6D52D81A281BC700DF85BF /* star-rating-view */,
				2B6D52B61A281B7100DF85BF /* AppDelegate.swift */,
				2B6D52B81A281B7100DF85BF /* ViewController.swift */,
				2B6D52BA1A281B7100DF85BF /* Main.storyboard */,
				2B6D52BD1A281B7100DF85BF /* Images.xcassets */,
				2B6D52BF1A281B7100DF85BF /* LaunchScreen.xib */,
				2B6D52B41A281B7100DF85BF /* Supporting Files */,
			);
			path = "star-rating-view";
			sourceTree = "<group>";
		};
		2B6D52B41A281B7100DF85BF /* Supporting Files */ = {
			isa = PBXGroup;
			children = (
				2B6D52B51A281B7100DF85BF /* Info.plist */,
			);
			name = "Supporting Files";
			sourceTree = "<group>";
		};
		2B6D52C91A281B7100DF85BF /* star-rating-viewTests */ = {
			isa = PBXGroup;
			children = (
				2B6D52CC1A281B7100DF85BF /* star_rating_viewTests.swift */,
				2B6D52CA1A281B7100DF85BF /* Supporting Files */,
			);
			path = "star-rating-viewTests";
			sourceTree = "<group>";
		};
		2B6D52CA1A281B7100DF85BF /* Supporting Files */ = {
			isa = PBXGroup;
			children = (
				2B6D52CB1A281B7100DF85BF /* Info.plist */,
			);
			name = "Supporting Files";
			sourceTree = "<group>";
		};
		2B6D52D81A281BC700DF85BF /* star-rating-view */ = {
			isa = PBXGroup;
			children = (
				2B6D52D91A281BD500DF85BF /* TegStarRatingView.swift */,
				2B6D52DB1A2827DA00DF85BF /* TegStarRating.swift */,
				2B6D52DD1A282CB800DF85BF /* TegStarRatingType.swift */,
			);
			name = "star-rating-view";
			sourceTree = "<group>";
		};
/* End PBXGroup section */

/* Begin PBXNativeTarget section */
		2B6D52B01A281B7100DF85BF /* star-rating-view */ = {
			isa = PBXNativeTarget;
			buildConfigurationList = 2B6D52D01A281B7100DF85BF /* Build configuration list for PBXNativeTarget "star-rating-view" */;
			buildPhases = (
				2B6D52AD1A281B7100DF85BF /* Sources */,
				2B6D52AE1A281B7100DF85BF /* Frameworks */,
				2B6D52AF1A281B7100DF85BF /* Resources */,
			);
			buildRules = (
			);
			dependencies = (
			);
			name = "star-rating-view";
			productName = "star-rating-view";
			productReference = 2B6D52B11A281B7100DF85BF /* star-rating-view.app */;
			productType = "com.apple.product-type.application";
		};
		2B6D52C51A281B7100DF85BF /* star-rating-viewTests */ = {
			isa = PBXNativeTarget;
			buildConfigurationList = 2B6D52D31A281B7100DF85BF /* Build configuration list for PBXNativeTarget "star-rating-viewTests" */;
			buildPhases = (
				2B6D52C21A281B7100DF85BF /* Sources */,
				2B6D52C31A281B7100DF85BF /* Frameworks */,
				2B6D52C41A281B7100DF85BF /* Resources */,
			);
			buildRules = (
			);
			dependencies = (
				2B6D52C81A281B7100DF85BF /* PBXTargetDependency */,
			);
			name = "star-rating-viewTests";
			productName = "star-rating-viewTests";
			productReference = 2B6D52C61A281B7100DF85BF /* star-rating-viewTests.xctest */;
			productType = "com.apple.product-type.bundle.unit-test";
		};
/* End PBXNativeTarget section */

/* Begin PBXProject section */
		2B6D52A91A281B7100DF85BF /* Project object */ = {
			isa = PBXProject;
			attributes = {
				LastUpgradeCheck = 0610;
				ORGANIZATIONNAME = "The Exchange Group Pty Ltd";
				TargetAttributes = {
					2B6D52B01A281B7100DF85BF = {
						CreatedOnToolsVersion = 6.1;
					};
					2B6D52C51A281B7100DF85BF = {
						CreatedOnToolsVersion = 6.1;
						TestTargetID = 2B6D52B01A281B7100DF85BF;
					};
				};
			};
			buildConfigurationList = 2B6D52AC1A281B7100DF85BF /* Build configuration list for PBXProject "star-rating-view" */;
			compatibilityVersion = "Xcode 3.2";
			developmentRegion = English;
			hasScannedForEncodings = 0;
			knownRegions = (
				en,
				Base,
			);
			mainGroup = 2B6D52A81A281B7100DF85BF;
			productRefGroup = 2B6D52B21A281B7100DF85BF /* Products */;
			projectDirPath = "";
			projectRoot = "";
			targets = (
				2B6D52B01A281B7100DF85BF /* star-rating-view */,
				2B6D52C51A281B7100DF85BF /* star-rating-viewTests */,
			);
		};
/* End PBXProject section */

/* Begin PBXResourcesBuildPhase section */
		2B6D52AF1A281B7100DF85BF /* Resources */ = {
			isa = PBXResourcesBuildPhase;
			buildActionMask = 2147483647;
			files = (
				2B6D52BC1A281B7100DF85BF /* Main.storyboard in Resources */,
				2B6D52D71A281B9700DF85BF /* Default-568h@2x.png in Resources */,
				2B6D52C11A281B7100DF85BF /* LaunchScreen.xib in Resources */,
				2B6D52BE1A281B7100DF85BF /* Images.xcassets in Resources */,
			);
			runOnlyForDeploymentPostprocessing = 0;
		};
		2B6D52C41A281B7100DF85BF /* Resources */ = {
			isa = PBXResourcesBuildPhase;
			buildActionMask = 2147483647;
			files = (
			);
			runOnlyForDeploymentPostprocessing = 0;
		};
/* End PBXResourcesBuildPhase section */

/* Begin PBXSourcesBuildPhase section */
		2B6D52AD1A281B7100DF85BF /* Sources */ = {
			isa = PBXSourcesBuildPhase;
			buildActionMask = 2147483647;
			files = (
				2B6D52DE1A282CB800DF85BF /* TegStarRatingType.swift in Sources */,
				2B6D52B91A281B7100DF85BF /* ViewController.swift in Sources */,
				2B6D52DC1A2827DA00DF85BF /* TegStarRating.swift in Sources */,
				2B6D52B71A281B7100DF85BF /* AppDelegate.swift in Sources */,
				2B6D52DA1A281BD500DF85BF /* TegStarRatingView.swift in Sources */,
			);
			runOnlyForDeploymentPostprocessing = 0;
		};
		2B6D52C21A281B7100DF85BF /* Sources */ = {
			isa = PBXSourcesBuildPhase;
			buildActionMask = 2147483647;
			files = (
				2B6D52CD1A281B7100DF85BF /* star_rating_viewTests.swift in Sources */,
			);
			runOnlyForDeploymentPostprocessing = 0;
		};
/* End PBXSourcesBuildPhase section */

/* Begin PBXTargetDependency section */
		2B6D52C81A281B7100DF85BF /* PBXTargetDependency */ = {
			isa = PBXTargetDependency;
			target = 2B6D52B01A281B7100DF85BF /* star-rating-view */;
			targetProxy = 2B6D52C71A281B7100DF85BF /* PBXContainerItemProxy */;
		};
/* End PBXTargetDependency section */

/* Begin PBXVariantGroup section */
		2B6D52BA1A281B7100DF85BF /* Main.storyboard */ = {
			isa = PBXVariantGroup;
			children = (
				2B6D52BB1A281B7100DF85BF /* Base */,
			);
			name = Main.storyboard;
			sourceTree = "<group>";
		};
		2B6D52BF1A281B7100DF85BF /* LaunchScreen.xib */ = {
			isa = PBXVariantGroup;
			children = (
				2B6D52C01A281B7100DF85BF /* Base */,
			);
			name = LaunchScreen.xib;
			sourceTree = "<group>";
		};
/* End PBXVariantGroup section */

/* Begin XCBuildConfiguration section */
		2B6D52CE1A281B7100DF85BF /* Debug */ = {
			isa = XCBuildConfiguration;
			buildSettings = {
				ALWAYS_SEARCH_USER_PATHS = NO;
				CLANG_CXX_LANGUAGE_STANDARD = "gnu++0x";
				CLANG_CXX_LIBRARY = "libc++";
				CLANG_ENABLE_MODULES = YES;
				CLANG_ENABLE_OBJC_ARC = YES;
				CLANG_WARN_BOOL_CONVERSION = YES;
				CLANG_WARN_CONSTANT_CONVERSION = YES;
				CLANG_WARN_DIRECT_OBJC_ISA_USAGE = YES_ERROR;
				CLANG_WARN_EMPTY_BODY = YES;
				CLANG_WARN_ENUM_CONVERSION = YES;
				CLANG_WARN_INT_CONVERSION = YES;
				CLANG_WARN_OBJC_ROOT_CLASS = YES_ERROR;
				CLANG_WARN_UNREACHABLE_CODE = YES;
				CLANG_WARN__DUPLICATE_METHOD_MATCH = YES;
				"CODE_SIGN_IDENTITY[sdk=iphoneos*]" = "iPhone Developer";
				COPY_PHASE_STRIP = NO;
				ENABLE_STRICT_OBJC_MSGSEND = YES;
				GCC_C_LANGUAGE_STANDARD = gnu99;
				GCC_DYNAMIC_NO_PIC = NO;
				GCC_OPTIMIZATION_LEVEL = 0;
				GCC_PREPROCESSOR_DEFINITIONS = (
					"DEBUG=1",
					"$(inherited)",
				);
				GCC_SYMBOLS_PRIVATE_EXTERN = NO;
				GCC_WARN_64_TO_32_BIT_CONVERSION = YES;
				GCC_WARN_ABOUT_RETURN_TYPE = YES_ERROR;
				GCC_WARN_UNDECLARED_SELECTOR = YES;
				GCC_WARN_UNINITIALIZED_AUTOS = YES_AGGRESSIVE;
				GCC_WARN_UNUSED_FUNCTION = YES;
				GCC_WARN_UNUSED_VARIABLE = YES;
				IPHONEOS_DEPLOYMENT_TARGET = 7.0;
				MTL_ENABLE_DEBUG_INFO = YES;
				ONLY_ACTIVE_ARCH = YES;
				SDKROOT = iphoneos;
				SWIFT_OPTIMIZATION_LEVEL = "-Onone";
				TARGETED_DEVICE_FAMILY = "1,2";
			};
			name = Debug;
		};
		2B6D52CF1A281B7100DF85BF /* Release */ = {
			isa = XCBuildConfiguration;
			buildSettings = {
				ALWAYS_SEARCH_USER_PATHS = NO;
				CLANG_CXX_LANGUAGE_STANDARD = "gnu++0x";
				CLANG_CXX_LIBRARY = "libc++";
				CLANG_ENABLE_MODULES = YES;
				CLANG_ENABLE_OBJC_ARC = YES;
				CLANG_WARN_BOOL_CONVERSION = YES;
				CLANG_WARN_CONSTANT_CONVERSION = YES;
				CLANG_WARN_DIRECT_OBJC_ISA_USAGE = YES_ERROR;
				CLANG_WARN_EMPTY_BODY = YES;
				CLANG_WARN_ENUM_CONVERSION = YES;
				CLANG_WARN_INT_CONVERSION = YES;
				CLANG_WARN_OBJC_ROOT_CLASS = YES_ERROR;
				CLANG_WARN_UNREACHABLE_CODE = YES;
				CLANG_WARN__DUPLICATE_METHOD_MATCH = YES;
				"CODE_SIGN_IDENTITY[sdk=iphoneos*]" = "iPhone Developer";
				COPY_PHASE_STRIP = YES;
				ENABLE_NS_ASSERTIONS = NO;
				ENABLE_STRICT_OBJC_MSGSEND = YES;
				GCC_C_LANGUAGE_STANDARD = gnu99;
				GCC_WARN_64_TO_32_BIT_CONVERSION = YES;
				GCC_WARN_ABOUT_RETURN_TYPE = YES_ERROR;
				GCC_WARN_UNDECLARED_SELECTOR = YES;
				GCC_WARN_UNINITIALIZED_AUTOS = YES_AGGRESSIVE;
				GCC_WARN_UNUSED_FUNCTION = YES;
				GCC_WARN_UNUSED_VARIABLE = YES;
				IPHONEOS_DEPLOYMENT_TARGET = 7.0;
				MTL_ENABLE_DEBUG_INFO = NO;
				SDKROOT = iphoneos;
				TARGETED_DEVICE_FAMILY = "1,2";
				VALIDATE_PRODUCT = YES;
			};
			name = Release;
		};
		2B6D52D11A281B7100DF85BF /* Debug */ = {
			isa = XCBuildConfiguration;
			buildSettings = {
				ASSETCATALOG_COMPILER_APPICON_NAME = AppIcon;
				INFOPLIST_FILE = "star-rating-view/Info.plist";
				LD_RUNPATH_SEARCH_PATHS = "$(inherited) @executable_path/Frameworks";
				PRODUCT_NAME = "$(TARGET_NAME)";
			};
			name = Debug;
		};
		2B6D52D21A281B7100DF85BF /* Release */ = {
			isa = XCBuildConfiguration;
			buildSettings = {
				ASSETCATALOG_COMPILER_APPICON_NAME = AppIcon;
				INFOPLIST_FILE = "star-rating-view/Info.plist";
				LD_RUNPATH_SEARCH_PATHS = "$(inherited) @executable_path/Frameworks";
				PRODUCT_NAME = "$(TARGET_NAME)";
			};
			name = Release;
		};
		2B6D52D41A281B7100DF85BF /* Debug */ = {
			isa = XCBuildConfiguration;
			buildSettings = {
				BUNDLE_LOADER = "$(TEST_HOST)";
				FRAMEWORK_SEARCH_PATHS = (
					"$(SDKROOT)/Developer/Library/Frameworks",
					"$(inherited)",
				);
				GCC_PREPROCESSOR_DEFINITIONS = (
					"DEBUG=1",
					"$(inherited)",
				);
				INFOPLIST_FILE = "star-rating-viewTests/Info.plist";
				LD_RUNPATH_SEARCH_PATHS = "$(inherited) @executable_path/Frameworks @loader_path/Frameworks";
				PRODUCT_NAME = "$(TARGET_NAME)";
				TEST_HOST = "$(BUILT_PRODUCTS_DIR)/star-rating-view.app/star-rating-view";
			};
			name = Debug;
		};
		2B6D52D51A281B7100DF85BF /* Release */ = {
			isa = XCBuildConfiguration;
			buildSettings = {
				BUNDLE_LOADER = "$(TEST_HOST)";
				FRAMEWORK_SEARCH_PATHS = (
					"$(SDKROOT)/Developer/Library/Frameworks",
					"$(inherited)",
				);
				INFOPLIST_FILE = "star-rating-viewTests/Info.plist";
				LD_RUNPATH_SEARCH_PATHS = "$(inherited) @executable_path/Frameworks @loader_path/Frameworks";
				PRODUCT_NAME = "$(TARGET_NAME)";
				TEST_HOST = "$(BUILT_PRODUCTS_DIR)/star-rating-view.app/star-rating-view";
			};
			name = Release;
		};
/* End XCBuildConfiguration section */

/* Begin XCConfigurationList section */
		2B6D52AC1A281B7100DF85BF /* Build configuration list for PBXProject "star-rating-view" */ = {
			isa = XCConfigurationList;
			buildConfigurations = (
				2B6D52CE1A281B7100DF85BF /* Debug */,
				2B6D52CF1A281B7100DF85BF /* Release */,
			);
			defaultConfigurationIsVisible = 0;
			defaultConfigurationName = Release;
		};
		2B6D52D01A281B7100DF85BF /* Build configuration list for PBXNativeTarget "star-rating-view" */ = {
			isa = XCConfigurationList;
			buildConfigurations = (
				2B6D52D11A281B7100DF85BF /* Debug */,
				2B6D52D21A281B7100DF85BF /* Release */,
			);
			defaultConfigurationIsVisible = 0;
		};
		2B6D52D31A281B7100DF85BF /* Build configuration list for PBXNativeTarget "star-rating-viewTests" */ = {
			isa = XCConfigurationList;
			buildConfigurations = (
				2B6D52D41A281B7100DF85BF /* Debug */,
				2B6D52D51A281B7100DF85BF /* Release */,
			);
			defaultConfigurationIsVisible = 0;
		};
/* End XCConfigurationList section */
	};
	rootObject = 2B6D52A91A281B7100DF85BF /* Project object */;
}
